
Microsoft Visual Studio Solution File, Format Version 12.00
# Visual Studio Version 16
VisualStudioVersion = 16.0.30907.101
MinimumVisualStudioVersion = 10.0.40219.1
Project("{9A19103F-16F7-4668-BE54-9A1E7A4F7556}") = "AmongServers.Launcher", "src\AmongServers.Launcher\AmongServers.Launcher.csproj", "{8AC3ACAD-97E4-4D55-B006-7C04FC848588}"
EndProject
Global
	GlobalSection(SolutionConfigurationPlatforms) = preSolution
		Debug|Any CPU = Debug|Any CPU
		Release|Any CPU = Release|Any CPU
	EndGlobalSection
	GlobalSection(ProjectConfigurationPlatforms) = postSolution
		{8AC3ACAD-97E4-4D55-B006-7C04FC848588}.Debug|Any CPU.ActiveCfg = Debug|Any CPU
		{8AC3ACAD-97E4-4D55-B006-7C04FC848588}.Debug|Any CPU.Build.0 = Debug|Any CPU
		{8AC3ACAD-97E4-4D55-B006-7C04FC848588}.Release|Any CPU.ActiveCfg = Release|Any CPU
		{8AC3ACAD-97E4-4D55-B006-7C04FC848588}.Release|Any CPU.Build.0 = Release|Any CPU
	EndGlobalSection
	GlobalSection(SolutionProperties) = preSolution
		HideSolutionNode = FALSE
	EndGlobalSection
	GlobalSection(ExtensibilityGlobals) = postSolution
		SolutionGuid = {EA6EF4DA-A3A7-4046-8EB5-AB8A8C059BD3}
	EndGlobalSection
EndGlobal
