
Microsoft Visual Studio Solution File, Format Version 12.00
# Visual Studio Version 16
VisualStudioVersion = 16.0.30907.101
MinimumVisualStudioVersion = 10.0.40219.1
Project("{FAE04EC0-301F-11D3-BF4B-00C04F79EFBC}") = "AmongServers.Launcher", "AmongServers.Launcher\AmongServers.Launcher.csproj", "{608AF994-38AA-4F71-9B28-B39907847C89}"
EndProject
Global
	GlobalSection(SolutionConfigurationPlatforms) = preSolution
		Debug|Any CPU = Debug|Any CPU
		Release|Any CPU = Release|Any CPU
	EndGlobalSection
	GlobalSection(ProjectConfigurationPlatforms) = postSolution
		{608AF994-38AA-4F71-9B28-B39907847C89}.Debug|Any CPU.ActiveCfg = Debug|Any CPU
		{608AF994-38AA-4F71-9B28-B39907847C89}.Debug|Any CPU.Build.0 = Debug|Any CPU
		{608AF994-38AA-4F71-9B28-B39907847C89}.Release|Any CPU.ActiveCfg = Release|Any CPU
		{608AF994-38AA-4F71-9B28-B39907847C89}.Release|Any CPU.Build.0 = Release|Any CPU
	EndGlobalSection
	GlobalSection(SolutionProperties) = preSolution
		HideSolutionNode = FALSE
	EndGlobalSection
	GlobalSection(ExtensibilityGlobals) = postSolution
		SolutionGuid = {EA6EF4DA-A3A7-4046-8EB5-AB8A8C059BD3}
	EndGlobalSection
EndGlobal
